// !$*UTF8*$!
{
	archiveVersion = 1;
	classes = {
	};
	objectVersion = 46;
	objects = {

/* Begin PBXBuildFile section */
		4B39385319AE913C00F2AB85 /* icon.png in Resources */ = {isa = PBXBuildFile; fileRef = 4B39385219AE913C00F2AB85 /* icon.png */; };
		4B3BDB9019BA9ADD00AB8D5C /* 2x.png in Resources */ = {isa = PBXBuildFile; fileRef = 4B3BDB8E19BA9ADD00AB8D5C /* 2x.png */; };
		4B3BDB9119BA9ADD00AB8D5C /* R4.png in Resources */ = {isa = PBXBuildFile; fileRef = 4B3BDB8F19BA9ADD00AB8D5C /* R4.png */; };
		4BC6AE5519AD5F7A00F7F74F /* Foundation.framework in Frameworks */ = {isa = PBXBuildFile; fileRef = 4BC6AE5419AD5F7A00F7F74F /* Foundation.framework */; };
		4BC6AE5719AD5F7A00F7F74F /* CoreGraphics.framework in Frameworks */ = {isa = PBXBuildFile; fileRef = 4BC6AE5619AD5F7A00F7F74F /* CoreGraphics.framework */; };
		4BC6AE5919AD5F7A00F7F74F /* UIKit.framework in Frameworks */ = {isa = PBXBuildFile; fileRef = 4BC6AE5819AD5F7A00F7F74F /* UIKit.framework */; };
		4BC6AE5F19AD5F7A00F7F74F /* InfoPlist.strings in Resources */ = {isa = PBXBuildFile; fileRef = 4BC6AE5D19AD5F7A00F7F74F /* InfoPlist.strings */; };
		4BC6AE6119AD5F7A00F7F74F /* main.m in Sources */ = {isa = PBXBuildFile; fileRef = 4BC6AE6019AD5F7A00F7F74F /* main.m */; };
		4BC6AE6519AD5F7A00F7F74F /* AppDelegate.m in Sources */ = {isa = PBXBuildFile; fileRef = 4BC6AE6419AD5F7A00F7F74F /* AppDelegate.m */; };
		4BC6AE6819AD5F7A00F7F74F /* Main.storyboard in Resources */ = {isa = PBXBuildFile; fileRef = 4BC6AE6619AD5F7A00F7F74F /* Main.storyboard */; };
		4BC6AE6B19AD5F7A00F7F74F /* ViewController.m in Sources */ = {isa = PBXBuildFile; fileRef = 4BC6AE6A19AD5F7A00F7F74F /* ViewController.m */; };
		4BC6AE6D19AD5F7A00F7F74F /* Images.xcassets in Resources */ = {isa = PBXBuildFile; fileRef = 4BC6AE6C19AD5F7A00F7F74F /* Images.xcassets */; };
		4BC6AE7419AD5F7A00F7F74F /* XCTest.framework in Frameworks */ = {isa = PBXBuildFile; fileRef = 4BC6AE7319AD5F7A00F7F74F /* XCTest.framework */; };
		4BC6AE7519AD5F7A00F7F74F /* Foundation.framework in Frameworks */ = {isa = PBXBuildFile; fileRef = 4BC6AE5419AD5F7A00F7F74F /* Foundation.framework */; };
		4BC6AE7619AD5F7A00F7F74F /* UIKit.framework in Frameworks */ = {isa = PBXBuildFile; fileRef = 4BC6AE5819AD5F7A00F7F74F /* UIKit.framework */; };
		4BC6AE7E19AD5F7A00F7F74F /* InfoPlist.strings in Resources */ = {isa = PBXBuildFile; fileRef = 4BC6AE7C19AD5F7A00F7F74F /* InfoPlist.strings */; };
		4BC6AE8019AD5F7A00F7F74F /* jancodeTests.m in Sources */ = {isa = PBXBuildFile; fileRef = 4BC6AE7F19AD5F7A00F7F74F /* jancodeTests.m */; };
		4BC6AE8B19AD60D700F7F74F /* afirietoViewController.m in Sources */ = {isa = PBXBuildFile; fileRef = 4BC6AE8A19AD60D700F7F74F /* afirietoViewController.m */; };
		4BEA0ADF19C1E2B100C1382D /* button75.mp3 in Resources */ = {isa = PBXBuildFile; fileRef = 4BEA0ADE19C1E2B000C1382D /* button75.mp3 */; };
/* End PBXBuildFile section */

/* Begin PBXContainerItemProxy section */
		4BC6AE7719AD5F7A00F7F74F /* PBXContainerItemProxy */ = {
			isa = PBXContainerItemProxy;
			containerPortal = 4BC6AE4919AD5F7A00F7F74F /* Project object */;
			proxyType = 1;
			remoteGlobalIDString = 4BC6AE5019AD5F7A00F7F74F;
			remoteInfo = jancode;
		};
/* End PBXContainerItemProxy section */

/* Begin PBXFileReference section */
		4B39385219AE913C00F2AB85 /* icon.png */ = {isa = PBXFileReference; lastKnownFileType = image.png; path = icon.png; sourceTree = "<group>"; };
		4B3BDB8E19BA9ADD00AB8D5C /* 2x.png */ = {isa = PBXFileReference; lastKnownFileType = image.png; path = 2x.png; sourceTree = "<group>"; };
		4B3BDB8F19BA9ADD00AB8D5C /* R4.png */ = {isa = PBXFileReference; lastKnownFileType = image.png; path = R4.png; sourceTree = "<group>"; };
		4BC6AE5119AD5F7A00F7F74F /* jancode.app */ = {isa = PBXFileReference; explicitFileType = wrapper.application; includeInIndex = 0; path = jancode.app; sourceTree = BUILT_PRODUCTS_DIR; };
		4BC6AE5419AD5F7A00F7F74F /* Foundation.framework */ = {isa = PBXFileReference; lastKnownFileType = wrapper.framework; name = Foundation.framework; path = System/Library/Frameworks/Foundation.framework; sourceTree = SDKROOT; };
		4BC6AE5619AD5F7A00F7F74F /* CoreGraphics.framework */ = {isa = PBXFileReference; lastKnownFileType = wrapper.framework; name = CoreGraphics.framework; path = System/Library/Frameworks/CoreGraphics.framework; sourceTree = SDKROOT; };
		4BC6AE5819AD5F7A00F7F74F /* UIKit.framework */ = {isa = PBXFileReference; lastKnownFileType = wrapper.framework; name = UIKit.framework; path = System/Library/Frameworks/UIKit.framework; sourceTree = SDKROOT; };
		4BC6AE5C19AD5F7A00F7F74F /* jancode-Info.plist */ = {isa = PBXFileReference; lastKnownFileType = text.plist.xml; path = "jancode-Info.plist"; sourceTree = "<group>"; };
		4BC6AE5E19AD5F7A00F7F74F /* en */ = {isa = PBXFileReference; lastKnownFileType = text.plist.strings; name = en; path = en.lproj/InfoPlist.strings; sourceTree = "<group>"; };
		4BC6AE6019AD5F7A00F7F74F /* main.m */ = {isa = PBXFileReference; lastKnownFileType = sourcecode.c.objc; path = main.m; sourceTree = "<group>"; };
		4BC6AE6219AD5F7A00F7F74F /* jancode-Prefix.pch */ = {isa = PBXFileReference; lastKnownFileType = sourcecode.c.h; path = "jancode-Prefix.pch"; sourceTree = "<group>"; };
		4BC6AE6319AD5F7A00F7F74F /* AppDelegate.h */ = {isa = PBXFileReference; lastKnownFileType = sourcecode.c.h; path = AppDelegate.h; sourceTree = "<group>"; };
		4BC6AE6419AD5F7A00F7F74F /* AppDelegate.m */ = {isa = PBXFileReference; lastKnownFileType = sourcecode.c.objc; path = AppDelegate.m; sourceTree = "<group>"; };
		4BC6AE6719AD5F7A00F7F74F /* Base */ = {isa = PBXFileReference; lastKnownFileType = file.storyboard; name = Base; path = Base.lproj/Main.storyboard; sourceTree = "<group>"; };
		4BC6AE6919AD5F7A00F7F74F /* ViewController.h */ = {isa = PBXFileReference; lastKnownFileType = sourcecode.c.h; path = ViewController.h; sourceTree = "<group>"; };
		4BC6AE6A19AD5F7A00F7F74F /* ViewController.m */ = {isa = PBXFileReference; lastKnownFileType = sourcecode.c.objc; path = ViewController.m; sourceTree = "<group>"; };
		4BC6AE6C19AD5F7A00F7F74F /* Images.xcassets */ = {isa = PBXFileReference; lastKnownFileType = folder.assetcatalog; path = Images.xcassets; sourceTree = "<group>"; };
		4BC6AE7219AD5F7A00F7F74F /* jancodeTests.xctest */ = {isa = PBXFileReference; explicitFileType = wrapper.cfbundle; includeInIndex = 0; path = jancodeTests.xctest; sourceTree = BUILT_PRODUCTS_DIR; };
		4BC6AE7319AD5F7A00F7F74F /* XCTest.framework */ = {isa = PBXFileReference; lastKnownFileType = wrapper.framework; name = XCTest.framework; path = Library/Frameworks/XCTest.framework; sourceTree = DEVELOPER_DIR; };
		4BC6AE7B19AD5F7A00F7F74F /* jancodeTests-Info.plist */ = {isa = PBXFileReference; lastKnownFileType = text.plist.xml; path = "jancodeTests-Info.plist"; sourceTree = "<group>"; };
		4BC6AE7D19AD5F7A00F7F74F /* en */ = {isa = PBXFileReference; lastKnownFileType = text.plist.strings; name = en; path = en.lproj/InfoPlist.strings; sourceTree = "<group>"; };
		4BC6AE7F19AD5F7A00F7F74F /* jancodeTests.m */ = {isa = PBXFileReference; lastKnownFileType = sourcecode.c.objc; path = jancodeTests.m; sourceTree = "<group>"; };
		4BC6AE8919AD60D700F7F74F /* afirietoViewController.h */ = {isa = PBXFileReference; fileEncoding = 4; lastKnownFileType = sourcecode.c.h; path = afirietoViewController.h; sourceTree = "<group>"; };
		4BC6AE8A19AD60D700F7F74F /* afirietoViewController.m */ = {isa = PBXFileReference; fileEncoding = 4; lastKnownFileType = sourcecode.c.objc; path = afirietoViewController.m; sourceTree = "<group>"; };
		4BEA0ADE19C1E2B000C1382D /* button75.mp3 */ = {isa = PBXFileReference; lastKnownFileType = audio.mp3; path = button75.mp3; sourceTree = "<group>"; };
/* End PBXFileReference section */

/* Begin PBXFrameworksBuildPhase section */
		4BC6AE4E19AD5F7A00F7F74F /* Frameworks */ = {
			isa = PBXFrameworksBuildPhase;
			buildActionMask = 2147483647;
			files = (
				4BC6AE5719AD5F7A00F7F74F /* CoreGraphics.framework in Frameworks */,
				4BC6AE5919AD5F7A00F7F74F /* UIKit.framework in Frameworks */,
				4BC6AE5519AD5F7A00F7F74F /* Foundation.framework in Frameworks */,
			);
			runOnlyForDeploymentPostprocessing = 0;
		};
		4BC6AE6F19AD5F7A00F7F74F /* Frameworks */ = {
			isa = PBXFrameworksBuildPhase;
			buildActionMask = 2147483647;
			files = (
				4BC6AE7419AD5F7A00F7F74F /* XCTest.framework in Frameworks */,
				4BC6AE7619AD5F7A00F7F74F /* UIKit.framework in Frameworks */,
				4BC6AE7519AD5F7A00F7F74F /* Foundation.framework in Frameworks */,
			);
			runOnlyForDeploymentPostprocessing = 0;
		};
/* End PBXFrameworksBuildPhase section */

/* Begin PBXGroup section */
		4BC6AE4819AD5F7A00F7F74F = {
			isa = PBXGroup;
			children = (
				4BC6AE5A19AD5F7A00F7F74F /* jancode */,
				4BC6AE7919AD5F7A00F7F74F /* jancodeTests */,
				4BC6AE5319AD5F7A00F7F74F /* Frameworks */,
				4BC6AE5219AD5F7A00F7F74F /* Products */,
			);
			sourceTree = "<group>";
		};
		4BC6AE5219AD5F7A00F7F74F /* Products */ = {
			isa = PBXGroup;
			children = (
				4BC6AE5119AD5F7A00F7F74F /* jancode.app */,
				4BC6AE7219AD5F7A00F7F74F /* jancodeTests.xctest */,
			);
			name = Products;
			sourceTree = "<group>";
		};
		4BC6AE5319AD5F7A00F7F74F /* Frameworks */ = {
			isa = PBXGroup;
			children = (
				4BC6AE5419AD5F7A00F7F74F /* Foundation.framework */,
				4BC6AE5619AD5F7A00F7F74F /* CoreGraphics.framework */,
				4BC6AE5819AD5F7A00F7F74F /* UIKit.framework */,
				4BC6AE7319AD5F7A00F7F74F /* XCTest.framework */,
			);
			name = Frameworks;
			sourceTree = "<group>";
		};
		4BC6AE5A19AD5F7A00F7F74F /* jancode */ = {
			isa = PBXGroup;
			children = (
				4BC6AE6319AD5F7A00F7F74F /* AppDelegate.h */,
				4BC6AE6419AD5F7A00F7F74F /* AppDelegate.m */,
				4BC6AE6619AD5F7A00F7F74F /* Main.storyboard */,
				4BC6AE6919AD5F7A00F7F74F /* ViewController.h */,
				4BC6AE6A19AD5F7A00F7F74F /* ViewController.m */,
				4BC6AE8919AD60D700F7F74F /* afirietoViewController.h */,
				4BC6AE8A19AD60D700F7F74F /* afirietoViewController.m */,
				4BC6AE6C19AD5F7A00F7F74F /* Images.xcassets */,
				4BC6AE5B19AD5F7A00F7F74F /* Supporting Files */,
			);
			path = jancode;
			sourceTree = "<group>";
		};
		4BC6AE5B19AD5F7A00F7F74F /* Supporting Files */ = {
			isa = PBXGroup;
			children = (
				4BEA0ADE19C1E2B000C1382D /* button75.mp3 */,
				4B3BDB8E19BA9ADD00AB8D5C /* 2x.png */,
				4B3BDB8F19BA9ADD00AB8D5C /* R4.png */,
				4B39385219AE913C00F2AB85 /* icon.png */,
				4BC6AE5C19AD5F7A00F7F74F /* jancode-Info.plist */,
				4BC6AE5D19AD5F7A00F7F74F /* InfoPlist.strings */,
				4BC6AE6019AD5F7A00F7F74F /* main.m */,
				4BC6AE6219AD5F7A00F7F74F /* jancode-Prefix.pch */,
			);
			name = "Supporting Files";
			sourceTree = "<group>";
		};
		4BC6AE7919AD5F7A00F7F74F /* jancodeTests */ = {
			isa = PBXGroup;
			children = (
				4BC6AE7F19AD5F7A00F7F74F /* jancodeTests.m */,
				4BC6AE7A19AD5F7A00F7F74F /* Supporting Files */,
			);
			path = jancodeTests;
			sourceTree = "<group>";
		};
		4BC6AE7A19AD5F7A00F7F74F /* Supporting Files */ = {
			isa = PBXGroup;
			children = (
				4BC6AE7B19AD5F7A00F7F74F /* jancodeTests-Info.plist */,
				4BC6AE7C19AD5F7A00F7F74F /* InfoPlist.strings */,
			);
			name = "Supporting Files";
			sourceTree = "<group>";
		};
/* End PBXGroup section */

/* Begin PBXNativeTarget section */
		4BC6AE5019AD5F7A00F7F74F /* jancode */ = {
			isa = PBXNativeTarget;
			buildConfigurationList = 4BC6AE8319AD5F7A00F7F74F /* Build configuration list for PBXNativeTarget "jancode" */;
			buildPhases = (
				4BC6AE4D19AD5F7A00F7F74F /* Sources */,
				4BC6AE4E19AD5F7A00F7F74F /* Frameworks */,
				4BC6AE4F19AD5F7A00F7F74F /* Resources */,
			);
			buildRules = (
			);
			dependencies = (
			);
			name = jancode;
			productName = jancode;
			productReference = 4BC6AE5119AD5F7A00F7F74F /* jancode.app */;
			productType = "com.apple.product-type.application";
		};
		4BC6AE7119AD5F7A00F7F74F /* jancodeTests */ = {
			isa = PBXNativeTarget;
			buildConfigurationList = 4BC6AE8619AD5F7A00F7F74F /* Build configuration list for PBXNativeTarget "jancodeTests" */;
			buildPhases = (
				4BC6AE6E19AD5F7A00F7F74F /* Sources */,
				4BC6AE6F19AD5F7A00F7F74F /* Frameworks */,
				4BC6AE7019AD5F7A00F7F74F /* Resources */,
			);
			buildRules = (
			);
			dependencies = (
				4BC6AE7819AD5F7A00F7F74F /* PBXTargetDependency */,
			);
			name = jancodeTests;
			productName = jancodeTests;
			productReference = 4BC6AE7219AD5F7A00F7F74F /* jancodeTests.xctest */;
			productType = "com.apple.product-type.bundle.unit-test";
		};
/* End PBXNativeTarget section */

/* Begin PBXProject section */
		4BC6AE4919AD5F7A00F7F74F /* Project object */ = {
			isa = PBXProject;
			attributes = {
				LastUpgradeCheck = 0510;
				ORGANIZATIONNAME = mycompany;
				TargetAttributes = {
					4BC6AE5019AD5F7A00F7F74F = {
						DevelopmentTeam = 8ZAWDKU8Y5;
					};
					4BC6AE7119AD5F7A00F7F74F = {
						TestTargetID = 4BC6AE5019AD5F7A00F7F74F;
					};
				};
			};
			buildConfigurationList = 4BC6AE4C19AD5F7A00F7F74F /* Build configuration list for PBXProject "amaJAN" */;
			compatibilityVersion = "Xcode 3.2";
			developmentRegion = English;
			hasScannedForEncodings = 0;
			knownRegions = (
				en,
				Base,
			);
			mainGroup = 4BC6AE4819AD5F7A00F7F74F;
			productRefGroup = 4BC6AE5219AD5F7A00F7F74F /* Products */;
			projectDirPath = "";
			projectRoot = "";
			targets = (
				4BC6AE5019AD5F7A00F7F74F /* jancode */,
				4BC6AE7119AD5F7A00F7F74F /* jancodeTests */,
			);
		};
/* End PBXProject section */

/* Begin PBXResourcesBuildPhase section */
		4BC6AE4F19AD5F7A00F7F74F /* Resources */ = {
			isa = PBXResourcesBuildPhase;
			buildActionMask = 2147483647;
			files = (
				4BEA0ADF19C1E2B100C1382D /* button75.mp3 in Resources */,
				4B3BDB9019BA9ADD00AB8D5C /* 2x.png in Resources */,
				4B3BDB9119BA9ADD00AB8D5C /* R4.png in Resources */,
				4B39385319AE913C00F2AB85 /* icon.png in Resources */,
				4BC6AE6D19AD5F7A00F7F74F /* Images.xcassets in Resources */,
				4BC6AE5F19AD5F7A00F7F74F /* InfoPlist.strings in Resources */,
				4BC6AE6819AD5F7A00F7F74F /* Main.storyboard in Resources */,
			);
			runOnlyForDeploymentPostprocessing = 0;
		};
		4BC6AE7019AD5F7A00F7F74F /* Resources */ = {
			isa = PBXResourcesBuildPhase;
			buildActionMask = 2147483647;
			files = (
				4BC6AE7E19AD5F7A00F7F74F /* InfoPlist.strings in Resources */,
			);
			runOnlyForDeploymentPostprocessing = 0;
		};
/* End PBXResourcesBuildPhase section */

/* Begin PBXSourcesBuildPhase section */
		4BC6AE4D19AD5F7A00F7F74F /* Sources */ = {
			isa = PBXSourcesBuildPhase;
			buildActionMask = 2147483647;
			files = (
				4BC6AE6B19AD5F7A00F7F74F /* ViewController.m in Sources */,
				4BC6AE8B19AD60D700F7F74F /* afirietoViewController.m in Sources */,
				4BC6AE6519AD5F7A00F7F74F /* AppDelegate.m in Sources */,
				4BC6AE6119AD5F7A00F7F74F /* main.m in Sources */,
			);
			runOnlyForDeploymentPostprocessing = 0;
		};
		4BC6AE6E19AD5F7A00F7F74F /* Sources */ = {
			isa = PBXSourcesBuildPhase;
			buildActionMask = 2147483647;
			files = (
				4BC6AE8019AD5F7A00F7F74F /* jancodeTests.m in Sources */,
			);
			runOnlyForDeploymentPostprocessing = 0;
		};
/* End PBXSourcesBuildPhase section */

/* Begin PBXTargetDependency section */
		4BC6AE7819AD5F7A00F7F74F /* PBXTargetDependency */ = {
			isa = PBXTargetDependency;
			target = 4BC6AE5019AD5F7A00F7F74F /* jancode */;
			targetProxy = 4BC6AE7719AD5F7A00F7F74F /* PBXContainerItemProxy */;
		};
/* End PBXTargetDependency section */

/* Begin PBXVariantGroup section */
		4BC6AE5D19AD5F7A00F7F74F /* InfoPlist.strings */ = {
			isa = PBXVariantGroup;
			children = (
				4BC6AE5E19AD5F7A00F7F74F /* en */,
			);
			name = InfoPlist.strings;
			sourceTree = "<group>";
		};
		4BC6AE6619AD5F7A00F7F74F /* Main.storyboard */ = {
			isa = PBXVariantGroup;
			children = (
				4BC6AE6719AD5F7A00F7F74F /* Base */,
			);
			name = Main.storyboard;
			sourceTree = "<group>";
		};
		4BC6AE7C19AD5F7A00F7F74F /* InfoPlist.strings */ = {
			isa = PBXVariantGroup;
			children = (
				4BC6AE7D19AD5F7A00F7F74F /* en */,
			);
			name = InfoPlist.strings;
			sourceTree = "<group>";
		};
/* End PBXVariantGroup section */

/* Begin XCBuildConfiguration section */
		4BC6AE8119AD5F7A00F7F74F /* Debug */ = {
			isa = XCBuildConfiguration;
			buildSettings = {
				ALWAYS_SEARCH_USER_PATHS = NO;
				CLANG_CXX_LANGUAGE_STANDARD = "gnu++0x";
				CLANG_CXX_LIBRARY = "libc++";
				CLANG_ENABLE_MODULES = YES;
				CLANG_ENABLE_OBJC_ARC = YES;
				CLANG_WARN_BOOL_CONVERSION = YES;
				CLANG_WARN_CONSTANT_CONVERSION = YES;
				CLANG_WARN_DIRECT_OBJC_ISA_USAGE = YES_ERROR;
				CLANG_WARN_EMPTY_BODY = YES;
				CLANG_WARN_ENUM_CONVERSION = YES;
				CLANG_WARN_INT_CONVERSION = YES;
				CLANG_WARN_OBJC_ROOT_CLASS = YES_ERROR;
				CLANG_WARN__DUPLICATE_METHOD_MATCH = YES;
				CODE_SIGN_IDENTITY = "iPhone Distribution: kenichi kato (8ZAWDKU8Y5)";
				"CODE_SIGN_IDENTITY[sdk=iphoneos*]" = "iPhone Distribution: kenichi kato (8ZAWDKU8Y5)";
				COPY_PHASE_STRIP = NO;
				GCC_C_LANGUAGE_STANDARD = gnu99;
				GCC_DYNAMIC_NO_PIC = NO;
				GCC_OPTIMIZATION_LEVEL = 0;
				GCC_PREPROCESSOR_DEFINITIONS = (
					"DEBUG=1",
					"$(inherited)",
				);
				GCC_SYMBOLS_PRIVATE_EXTERN = NO;
				GCC_WARN_64_TO_32_BIT_CONVERSION = YES;
				GCC_WARN_ABOUT_RETURN_TYPE = YES_ERROR;
				GCC_WARN_UNDECLARED_SELECTOR = YES;
				GCC_WARN_UNINITIALIZED_AUTOS = YES_AGGRESSIVE;
				GCC_WARN_UNUSED_FUNCTION = YES;
				GCC_WARN_UNUSED_VARIABLE = YES;
				IPHONEOS_DEPLOYMENT_TARGET = 7.1;
				ONLY_ACTIVE_ARCH = YES;
				PROVISIONING_PROFILE = "a44850ef-cbd8-4ed4-aca2-8e6fc34494f2";
				SDKROOT = iphoneos;
			};
			name = Debug;
		};
		4BC6AE8219AD5F7A00F7F74F /* Release */ = {
			isa = XCBuildConfiguration;
			buildSettings = {
				ALWAYS_SEARCH_USER_PATHS = NO;
				CLANG_CXX_LANGUAGE_STANDARD = "gnu++0x";
				CLANG_CXX_LIBRARY = "libc++";
				CLANG_ENABLE_MODULES = YES;
				CLANG_ENABLE_OBJC_ARC = YES;
				CLANG_WARN_BOOL_CONVERSION = YES;
				CLANG_WARN_CONSTANT_CONVERSION = YES;
				CLANG_WARN_DIRECT_OBJC_ISA_USAGE = YES_ERROR;
				CLANG_WARN_EMPTY_BODY = YES;
				CLANG_WARN_ENUM_CONVERSION = YES;
				CLANG_WARN_INT_CONVERSION = YES;
				CLANG_WARN_OBJC_ROOT_CLASS = YES_ERROR;
				CLANG_WARN__DUPLICATE_METHOD_MATCH = YES;
				CODE_SIGN_IDENTITY = "iPhone Distribution: kenichi kato (8ZAWDKU8Y5)";
				"CODE_SIGN_IDENTITY[sdk=iphoneos*]" = "iPhone Distribution: kenichi kato (8ZAWDKU8Y5)";
				COPY_PHASE_STRIP = YES;
				ENABLE_NS_ASSERTIONS = NO;
				GCC_C_LANGUAGE_STANDARD = gnu99;
				GCC_WARN_64_TO_32_BIT_CONVERSION = YES;
				GCC_WARN_ABOUT_RETURN_TYPE = YES_ERROR;
				GCC_WARN_UNDECLARED_SELECTOR = YES;
				GCC_WARN_UNINITIALIZED_AUTOS = YES_AGGRESSIVE;
				GCC_WARN_UNUSED_FUNCTION = YES;
				GCC_WARN_UNUSED_VARIABLE = YES;
				IPHONEOS_DEPLOYMENT_TARGET = 7.1;
				PROVISIONING_PROFILE = "a44850ef-cbd8-4ed4-aca2-8e6fc34494f2";
				SDKROOT = iphoneos;
				VALIDATE_PRODUCT = YES;
			};
			name = Release;
		};
		4BC6AE8419AD5F7A00F7F74F /* Debug */ = {
			isa = XCBuildConfiguration;
			buildSettings = {
				ASSETCATALOG_COMPILER_APPICON_NAME = AppIcon;
				ASSETCATALOG_COMPILER_LAUNCHIMAGE_NAME = LaunchImage;
				CODE_SIGN_IDENTITY = "iPhone Developer";
				"CODE_SIGN_IDENTITY[sdk=iphoneos*]" = "iPhone Developer";
				GCC_PRECOMPILE_PREFIX_HEADER = YES;
				GCC_PREFIX_HEADER = "jancode/jancode-Prefix.pch";
				INFOPLIST_FILE = "jancode/jancode-Info.plist";
				IPHONEOS_DEPLOYMENT_TARGET = 7.0;
				PRODUCT_NAME = "$(TARGET_NAME)";
				PROVISIONING_PROFILE = "";
				WRAPPER_EXTENSION = app;
			};
			name = Debug;
		};
		4BC6AE8519AD5F7A00F7F74F /* Release */ = {
			isa = XCBuildConfiguration;
			buildSettings = {
				ASSETCATALOG_COMPILER_APPICON_NAME = AppIcon;
				ASSETCATALOG_COMPILER_LAUNCHIMAGE_NAME = LaunchImage;
				CODE_SIGN_IDENTITY = "iPhone Developer";
				"CODE_SIGN_IDENTITY[sdk=iphoneos*]" = "iPhone Developer";
				GCC_PRECOMPILE_PREFIX_HEADER = YES;
				GCC_PREFIX_HEADER = "jancode/jancode-Prefix.pch";
				INFOPLIST_FILE = "jancode/jancode-Info.plist";
				IPHONEOS_DEPLOYMENT_TARGET = 7.0;
				PRODUCT_NAME = "$(TARGET_NAME)";
				PROVISIONING_PROFILE = "";
				WRAPPER_EXTENSION = app;
			};
			name = Release;
		};
		4BC6AE8719AD5F7A00F7F74F /* Debug */ = {
			isa = XCBuildConfiguration;
			buildSettings = {
				BUNDLE_LOADER = "$(BUILT_PRODUCTS_DIR)/jancode.app/jancode";
				FRAMEWORK_SEARCH_PATHS = (
					"$(SDKROOT)/Developer/Library/Frameworks",
					"$(inherited)",
					"$(DEVELOPER_FRAMEWORKS_DIR)",
				);
				GCC_PRECOMPILE_PREFIX_HEADER = YES;
				GCC_PREFIX_HEADER = "jancode/jancode-Prefix.pch";
				GCC_PREPROCESSOR_DEFINITIONS = (
					"DEBUG=1",
					"$(inherited)",
				);
				INFOPLIST_FILE = "jancodeTests/jancodeTests-Info.plist";
				PRODUCT_NAME = "$(TARGET_NAME)";
				TEST_HOST = "$(BUNDLE_LOADER)";
				WRAPPER_EXTENSION = xctest;
			};
			name = Debug;
		};
		4BC6AE8819AD5F7A00F7F74F /* Release */ = {
			isa = XCBuildConfiguration;
			buildSettings = {
				BUNDLE_LOADER = "$(BUILT_PRODUCTS_DIR)/jancode.app/jancode";
				FRAMEWORK_SEARCH_PATHS = (
					"$(SDKROOT)/Developer/Library/Frameworks",
					"$(inherited)",
					"$(DEVELOPER_FRAMEWORKS_DIR)",
				);
				GCC_PRECOMPILE_PREFIX_HEADER = YES;
				GCC_PREFIX_HEADER = "jancode/jancode-Prefix.pch";
				INFOPLIST_FILE = "jancodeTests/jancodeTests-Info.plist";
				PRODUCT_NAME = "$(TARGET_NAME)";
				TEST_HOST = "$(BUNDLE_LOADER)";
				WRAPPER_EXTENSION = xctest;
			};
			name = Release;
		};
/* End XCBuildConfiguration section */

/* Begin XCConfigurationList section */
		4BC6AE4C19AD5F7A00F7F74F /* Build configuration list for PBXProject "amaJAN" */ = {
			isa = XCConfigurationList;
			buildConfigurations = (
				4BC6AE8119AD5F7A00F7F74F /* Debug */,
				4BC6AE8219AD5F7A00F7F74F /* Release */,
			);
			defaultConfigurationIsVisible = 0;
			defaultConfigurationName = Release;
		};
		4BC6AE8319AD5F7A00F7F74F /* Build configuration list for PBXNativeTarget "jancode" */ = {
			isa = XCConfigurationList;
			buildConfigurations = (
				4BC6AE8419AD5F7A00F7F74F /* Debug */,
				4BC6AE8519AD5F7A00F7F74F /* Release */,
			);
			defaultConfigurationIsVisible = 0;
			defaultConfigurationName = Release;
		};
		4BC6AE8619AD5F7A00F7F74F /* Build configuration list for PBXNativeTarget "jancodeTests" */ = {
			isa = XCConfigurationList;
			buildConfigurations = (
				4BC6AE8719AD5F7A00F7F74F /* Debug */,
				4BC6AE8819AD5F7A00F7F74F /* Release */,
			);
			defaultConfigurationIsVisible = 0;
			defaultConfigurationName = Release;
		};
/* End XCConfigurationList section */
	};
	rootObject = 4BC6AE4919AD5F7A00F7F74F /* Project object */;
}
